
Microsoft Visual Studio Solution File, Format Version 12.00
# Visual Studio Version 17
VisualStudioVersion = 17.9.34607.119
MinimumVisualStudioVersion = 10.0.40219.1
Project("{FAE04EC0-301F-11D3-BF4B-00C04F79EFBC}") = "Shared", "Shared\Shared.csproj", "{0094DFF4-50C9-4740-83B2-455EF3EBCCDE}"
EndProject
Project("{FAE04EC0-301F-11D3-BF4B-00C04F79EFBC}") = "Users", "Users\Users.csproj", "{3C2B9D9F-C156-4CC9-B10F-6699B56782F0}"
EndProject
Global
	GlobalSection(SolutionConfigurationPlatforms) = preSolution
		Debug|Any CPU = Debug|Any CPU
		Release|Any CPU = Release|Any CPU
	EndGlobalSection
	GlobalSection(ProjectConfigurationPlatforms) = postSolution
		{0094DFF4-50C9-4740-83B2-455EF3EBCCDE}.Debug|Any CPU.ActiveCfg = Debug|Any CPU
		{0094DFF4-50C9-4740-83B2-455EF3EBCCDE}.Debug|Any CPU.Build.0 = Debug|Any CPU
		{0094DFF4-50C9-4740-83B2-455EF3EBCCDE}.Release|Any CPU.ActiveCfg = Release|Any CPU
		{0094DFF4-50C9-4740-83B2-455EF3EBCCDE}.Release|Any CPU.Build.0 = Release|Any CPU
		{3C2B9D9F-C156-4CC9-B10F-6699B56782F0}.Debug|Any CPU.ActiveCfg = Debug|Any CPU
		{3C2B9D9F-C156-4CC9-B10F-6699B56782F0}.Debug|Any CPU.Build.0 = Debug|Any CPU
		{3C2B9D9F-C156-4CC9-B10F-6699B56782F0}.Release|Any CPU.ActiveCfg = Release|Any CPU
		{3C2B9D9F-C156-4CC9-B10F-6699B56782F0}.Release|Any CPU.Build.0 = Release|Any CPU
	EndGlobalSection
	GlobalSection(SolutionProperties) = preSolution
		HideSolutionNode = FALSE
	EndGlobalSection
	GlobalSection(ExtensibilityGlobals) = postSolution
		SolutionGuid = {CB99BFA8-D3EA-480C-992D-6815D17498C8}
	EndGlobalSection
EndGlobal
